{
  "name": "@mdi/font",
  "version": "6.6.96",
  "lockfileVersion": 3,
  "requires": true,
  "packages": {
    "": {
      "name": "@mdi/font",
      "version": "6.6.96",
      "license": "Apache-2.0",
      "dependencies": {
        "@mdi/font": "file:"
      }
    },
    "node_modules/@mdi/font": {
      "resolved": "",
      "link": true
    }
  }
}
