{
  "name": "font-awesome",
  "version": "4.7.0",
  "lockfileVersion": 3,
  "requires": true,
  "packages": {
    "": {
      "name": "font-awesome",
      "version": "4.7.0",
      "license": "(OFL-1.1 AND MIT)",
      "dependencies": {
        "font-awesome": "file:"
      },
      "engines": {
        "node": ">=0.10.3"
      }
    },
    "node_modules/font-awesome": {
      "resolved": "",
      "link": true
    }
  }
}
